
Microsoft Visual Studio Solution File, Format Version 12.00
# Visual Studio Version 16
VisualStudioVersion = 16.0.30711.63
MinimumVisualStudioVersion = 10.0.40219.1
Project("{FAE04EC0-301F-11D3-BF4B-00C04F79EFBC}") = "Winform_B4-5951071013-Nguyen Quoc Dat", "Winform_B4-5951071013-Nguyen Quoc Dat\Winform_B4-5951071013-Nguyen Quoc Dat.csproj", "{AD30C2D6-34EE-43B4-8A9F-3E13FF4A6CC5}"
EndProject
Global
	GlobalSection(SolutionConfigurationPlatforms) = preSolution
		Debug|Any CPU = Debug|Any CPU
		Release|Any CPU = Release|Any CPU
	EndGlobalSection
	GlobalSection(ProjectConfigurationPlatforms) = postSolution
		{AD30C2D6-34EE-43B4-8A9F-3E13FF4A6CC5}.Debug|Any CPU.ActiveCfg = Debug|Any CPU
		{AD30C2D6-34EE-43B4-8A9F-3E13FF4A6CC5}.Debug|Any CPU.Build.0 = Debug|Any CPU
		{AD30C2D6-34EE-43B4-8A9F-3E13FF4A6CC5}.Release|Any CPU.ActiveCfg = Release|Any CPU
		{AD30C2D6-34EE-43B4-8A9F-3E13FF4A6CC5}.Release|Any CPU.Build.0 = Release|Any CPU
	EndGlobalSection
	GlobalSection(SolutionProperties) = preSolution
		HideSolutionNode = FALSE
	EndGlobalSection
	GlobalSection(ExtensibilityGlobals) = postSolution
		SolutionGuid = {6FFFFE75-6368-48C4-AF0E-AE995B3C92E3}
	EndGlobalSection
EndGlobal
